<?xml version="1.0" encoding="utf-8"?>
<Project ToolsVersion="4.0" xmlns="http://schemas.microsoft.com/developer/msbuild/2003">
  <ItemGroup>
    <Filter Include="Source Files">
      <UniqueIdentifier>{4FC737F1-C7A5-4376-A066-2A32D752A2FF}</UniqueIdentifier>
      <Extensions>cpp;c;cc;cxx;def;odl;idl;hpj;bat;asm;asmx</Extensions>
    </Filter>
    <Filter Include="Header Files">
      <UniqueIdentifier>{93995380-89BD-4b04-88EB-625FBE52EBFB}</UniqueIdentifier>
      <Extensions>h;hpp;hxx;hm;inl;inc;xsd</Extensions>
    </Filter>
  </ItemGroup>
  <ItemGroup>
    <ClCompile Include="libPhylix\libPhylix_Action.cpp">
      <Filter>Source Files</Filter>
    </ClCompile>
    <ClCompile Include="libPhylix\libPhylix_Action_Camera.cpp">
      <Filter>Source Files</Filter>
    </ClCompile>
    <ClCompile Include="libPhylix\libPhylix_Action_Creater_Box.cpp">
      <Filter>Source Files</Filter>
    </ClCompile>
    <ClCompile Include="libPhylix\libPhylix_Action_Creater_Chain.cpp">
      <Filter>Source Files</Filter>
    </ClCompile>
    <ClCompile Include="libPhylix\libPhylix_Action_Creater_Circle.cpp">
      <Filter>Source Files</Filter>
    </ClCompile>
    <ClCompile Include="libPhylix\libPhylix_Action_Creater_Edge.cpp">
      <Filter>Source Files</Filter>
    </ClCompile>
    <ClCompile Include="libPhylix\libPhylix_Action_Creater_FixJoint.cpp">
      <Filter>Source Files</Filter>
    </ClCompile>
    <ClCompile Include="libPhylix\libPhylix_Action_Creater_HingeJoint.cpp">
      <Filter>Source Files</Filter>
    </ClCompile>
    <ClCompile Include="libPhylix\libPhylix_Action_Creater_Polygon.cpp">
      <Filter>Source Files</Filter>
    </ClCompile>
    <ClCompile Include="libPhylix\libPhylix_Action_Creater_SpringJoint.cpp">
      <Filter>Source Files</Filter>
    </ClCompile>
    <ClCompile Include="libPhylix\libPhylix_Action_DragObject.cpp">
      <Filter>Source Files</Filter>
    </ClCompile>
    <ClCompile Include="libPhylix\libPhylix_Action_Select.cpp">
      <Filter>Source Files</Filter>
    </ClCompile>
    <ClCompile Include="libPhylix\libPhylix_ActionManager.cpp">
      <Filter>Source Files</Filter>
    </ClCompile>
    <ClCompile Include="libPhylix\libPhylix_Camera.cpp">
      <Filter>Source Files</Filter>
    </ClCompile>
    <ClCompile Include="libPhylix\libPhylix_EventManager.cpp">
      <Filter>Source Files</Filter>
    </ClCompile>
    <ClCompile Include="libPhylix\libPhylix_Group.cpp">
      <Filter>Source Files</Filter>
    </ClCompile>
    <ClCompile Include="libPhylix\libPhylix_MassBody.cpp">
      <Filter>Source Files</Filter>
    </ClCompile>
    <ClCompile Include="libPhylix\libPhylix_MassBodyManager.cpp">
      <Filter>Source Files</Filter>
    </ClCompile>
    <ClCompile Include="libPhylix\libPhylix_Material.cpp">
      <Filter>Source Files</Filter>
    </ClCompile>
    <ClCompile Include="libPhylix\libPhylix_MaterialManager.cpp">
      <Filter>Source Files</Filter>
    </ClCompile>
    <ClCompile Include="libPhylix\libPhylix_Math.cpp">
      <Filter>Source Files</Filter>
    </ClCompile>
    <ClCompile Include="libPhylix\libPhylix_Object.cpp">
      <Filter>Source Files</Filter>
    </ClCompile>
    <ClCompile Include="libPhylix\libPhylix_Object_Chain.cpp">
      <Filter>Source Files</Filter>
    </ClCompile>
    <ClCompile Include="libPhylix\libPhylix_Object_Entity.cpp">
      <Filter>Source Files</Filter>
    </ClCompile>
    <ClCompile Include="libPhylix\libPhylix_Object_Joint.cpp">
      <Filter>Source Files</Filter>
    </ClCompile>
    <ClCompile Include="libPhylix\libPhylix_Object_Joint_Fixed.cpp">
      <Filter>Source Files</Filter>
    </ClCompile>
    <ClCompile Include="libPhylix\libPhylix_Object_Joint_Hinge.cpp">
      <Filter>Source Files</Filter>
    </ClCompile>
    <ClCompile Include="libPhylix\libPhylix_Object_Joint_Spring.cpp">
      <Filter>Source Files</Filter>
    </ClCompile>
    <ClCompile Include="libPhylix\libPhylix_ObjectManager.cpp">
      <Filter>Source Files</Filter>
    </ClCompile>
    <ClCompile Include="libPhylix\libPhylix_ObjectParams.cpp">
      <Filter>Source Files</Filter>
    </ClCompile>
    <ClCompile Include="libPhylix\libPhylix_Operator.cpp">
      <Filter>Source Files</Filter>
    </ClCompile>
    <ClCompile Include="libPhylix\libPhylix_OperatorManager.cpp">
      <Filter>Source Files</Filter>
    </ClCompile>
    <ClCompile Include="libPhylix\libPhylix_Scene.cpp">
      <Filter>Source Files</Filter>
    </ClCompile>
    <ClCompile Include="libPhylix\libPhylix_SceneSnap.cpp">
      <Filter>Source Files</Filter>
    </ClCompile>
    <ClCompile Include="libPhylix\libPhylix_Shape.cpp">
      <Filter>Source Files</Filter>
    </ClCompile>
    <ClCompile Include="libPhylix\libPhylix_ShapeManager.cpp">
      <Filter>Source Files</Filter>
    </ClCompile>
    <ClCompile Include="libPhylix\libPhylix_stdafx.cpp">
      <Filter>Source Files</Filter>
    </ClCompile>
    <ClCompile Include="libPhylix\libPhylix_StringUtil.cpp">
      <Filter>Source Files</Filter>
    </ClCompile>
    <ClCompile Include="libPhylix\libPhylix_Vector.cpp">
      <Filter>Source Files</Filter>
    </ClCompile>
    <ClCompile Include="libPhylix\libPhylixEx_ConvexPartition.cpp">
      <Filter>Source Files</Filter>
    </ClCompile>
    <ClCompile Include="libPhylix\libPhylixEx_Polygon.cpp">
      <Filter>Source Files</Filter>
    </ClCompile>
    <ClCompile Include="libPhylix\libPhylixEx_Triangle.cpp">
      <Filter>Source Files</Filter>
    </ClCompile>
  </ItemGroup>
  <ItemGroup>
    <ClInclude Include="libPhylix\libPhylix_Action.h">
      <Filter>Header Files</Filter>
    </ClInclude>
    <ClInclude Include="libPhylix\libPhylix_Action_Camera.h">
      <Filter>Header Files</Filter>
    </ClInclude>
    <ClInclude Include="libPhylix\libPhylix_Action_Creater_Box.h">
      <Filter>Header Files</Filter>
    </ClInclude>
    <ClInclude Include="libPhylix\libPhylix_Action_Creater_Chain.h">
      <Filter>Header Files</Filter>
    </ClInclude>
    <ClInclude Include="libPhylix\libPhylix_Action_Creater_Circle.h">
      <Filter>Header Files</Filter>
    </ClInclude>
    <ClInclude Include="libPhylix\libPhylix_Action_Creater_Edge.h">
      <Filter>Header Files</Filter>
    </ClInclude>
    <ClInclude Include="libPhylix\libPhylix_Action_Creater_FixJoint.h">
      <Filter>Header Files</Filter>
    </ClInclude>
    <ClInclude Include="libPhylix\libPhylix_Action_Creater_HingeJoint.h">
      <Filter>Header Files</Filter>
    </ClInclude>
    <ClInclude Include="libPhylix\libPhylix_Action_Creater_Polygon.h">
      <Filter>Header Files</Filter>
    </ClInclude>
    <ClInclude Include="libPhylix\libPhylix_Action_Creater_SpringJoint.h">
      <Filter>Header Files</Filter>
    </ClInclude>
    <ClInclude Include="libPhylix\libPhylix_Action_DragObject.h">
      <Filter>Header Files</Filter>
    </ClInclude>
    <ClInclude Include="libPhylix\libPhylix_Action_Select.h">
      <Filter>Header Files</Filter>
    </ClInclude>
    <ClInclude Include="libPhylix\libPhylix_ActionManager.h">
      <Filter>Header Files</Filter>
    </ClInclude>
    <ClInclude Include="libPhylix\libPhylix_Camera.h">
      <Filter>Header Files</Filter>
    </ClInclude>
    <ClInclude Include="libPhylix\libPhylix_Color.h">
      <Filter>Header Files</Filter>
    </ClInclude>
    <ClInclude Include="libPhylix\libPhylix_EventDefine.h">
      <Filter>Header Files</Filter>
    </ClInclude>
    <ClInclude Include="libPhylix\libPhylix_EventManager.h">
      <Filter>Header Files</Filter>
    </ClInclude>
    <ClInclude Include="libPhylix\libPhylix_FileStream.h">
      <Filter>Header Files</Filter>
    </ClInclude>
    <ClInclude Include="libPhylix\libPhylix_Group.h">
      <Filter>Header Files</Filter>
    </ClInclude>
    <ClInclude Include="libPhylix\libPhylix_Handler.h">
      <Filter>Header Files</Filter>
    </ClInclude>
    <ClInclude Include="libPhylix\libPhylix_IteratorWrappers.h">
      <Filter>Header Files</Filter>
    </ClInclude>
    <ClInclude Include="libPhylix\libPhylix_MassBody.h">
      <Filter>Header Files</Filter>
    </ClInclude>
    <ClInclude Include="libPhylix\libPhylix_MassBodyManager.h">
      <Filter>Header Files</Filter>
    </ClInclude>
    <ClInclude Include="libPhylix\libPhylix_Material.h">
      <Filter>Header Files</Filter>
    </ClInclude>
    <ClInclude Include="libPhylix\libPhylix_MaterialManager.h">
      <Filter>Header Files</Filter>
    </ClInclude>
    <ClInclude Include="libPhylix\libPhylix_Math.h">
      <Filter>Header Files</Filter>
    </ClInclude>
    <ClInclude Include="libPhylix\libPhylix_Object.h">
      <Filter>Header Files</Filter>
    </ClInclude>
    <ClInclude Include="libPhylix\libPhylix_Object_Chain.h">
      <Filter>Header Files</Filter>
    </ClInclude>
    <ClInclude Include="libPhylix\libPhylix_Object_Entity.h">
      <Filter>Header Files</Filter>
    </ClInclude>
    <ClInclude Include="libPhylix\libPhylix_Object_Joint.h">
      <Filter>Header Files</Filter>
    </ClInclude>
    <ClInclude Include="libPhylix\libPhylix_Object_Joint_Fixed.h">
      <Filter>Header Files</Filter>
    </ClInclude>
    <ClInclude Include="libPhylix\libPhylix_Object_Joint_Hinge.h">
      <Filter>Header Files</Filter>
    </ClInclude>
    <ClInclude Include="libPhylix\libPhylix_Object_Joint_Spring.h">
      <Filter>Header Files</Filter>
    </ClInclude>
    <ClInclude Include="libPhylix\libPhylix_ObjectManager.h">
      <Filter>Header Files</Filter>
    </ClInclude>
    <ClInclude Include="libPhylix\libPhylix_ObjectParams.h">
      <Filter>Header Files</Filter>
    </ClInclude>
    <ClInclude Include="libPhylix\libPhylix_Operator.h">
      <Filter>Header Files</Filter>
    </ClInclude>
    <ClInclude Include="libPhylix\libPhylix_OperatorManager.h">
      <Filter>Header Files</Filter>
    </ClInclude>
    <ClInclude Include="libPhylix\libPhylix_RenderInterface.h">
      <Filter>Header Files</Filter>
    </ClInclude>
    <ClInclude Include="libPhylix\libPhylix_Scene.h">
      <Filter>Header Files</Filter>
    </ClInclude>
    <ClInclude Include="libPhylix\libPhylix_SceneSnap.h">
      <Filter>Header Files</Filter>
    </ClInclude>
    <ClInclude Include="libPhylix\libPhylix_Shape.h">
      <Filter>Header Files</Filter>
    </ClInclude>
    <ClInclude Include="libPhylix\libPhylix_ShapeManager.h">
      <Filter>Header Files</Filter>
    </ClInclude>
    <ClInclude Include="libPhylix\libPhylix_stdafx.h">
      <Filter>Header Files</Filter>
    </ClInclude>
    <ClInclude Include="libPhylix\libPhylix_StringUtil.h">
      <Filter>Header Files</Filter>
    </ClInclude>
    <ClInclude Include="libPhylix\libPhylix_TypeDefine.h">
      <Filter>Header Files</Filter>
    </ClInclude>
    <ClInclude Include="libPhylix\libPhylix_Vector.h">
      <Filter>Header Files</Filter>
    </ClInclude>
    <ClInclude Include="libPhylix\libPhylixEx_ConvexPartition.h">
      <Filter>Header Files</Filter>
    </ClInclude>
    <ClInclude Include="libPhylix\libPhylixEx_Polygon.h">
      <Filter>Header Files</Filter>
    </ClInclude>
    <ClInclude Include="libPhylix\libPhylixEx_Triangle.h">
      <Filter>Header Files</Filter>
    </ClInclude>
  </ItemGroup>
</Project>