<?xml version="1.0" encoding="utf-8"?>
<Project ToolsVersion="4.0" xmlns="http://schemas.microsoft.com/developer/msbuild/2003">
  <ItemGroup>
    <Filter Include="Source Files">
      <UniqueIdentifier>{4FC737F1-C7A5-4376-A066-2A32D752A2FF}</UniqueIdentifier>
      <Extensions>cpp;c;cc;cxx;def;odl;idl;hpj;bat;asm;asmx</Extensions>
    </Filter>
    <Filter Include="Header Files">
      <UniqueIdentifier>{93995380-89BD-4b04-88EB-625FBE52EBFB}</UniqueIdentifier>
      <Extensions>h;hpp;hxx;hm;inl;inc;xsd</Extensions>
    </Filter>
    <Filter Include="Resource Files">
      <UniqueIdentifier>{67DA6AB6-F800-4c08-8B7A-83BB121AAD01}</UniqueIdentifier>
      <Extensions>rc;ico;cur;bmp;dlg;rc2;rct;bin;rgs;gif;jpg;jpeg;jpe;resx;tiff;tif;png;wav;mfcribbon-ms</Extensions>
    </Filter>
  </ItemGroup>
  <ItemGroup>
    <ClInclude Include="AtlOpengl.h">
      <Filter>Header Files</Filter>
    </ClInclude>
    <ClInclude Include="Phylix_Canvas.h">
      <Filter>Header Files</Filter>
    </ClInclude>
    <ClInclude Include="Phylix_FileStream.h">
      <Filter>Header Files</Filter>
    </ClInclude>
    <ClInclude Include="Phylix_Global.h">
      <Filter>Header Files</Filter>
    </ClInclude>
    <ClInclude Include="Phylix_InformationDialog_Entity.h">
      <Filter>Header Files</Filter>
    </ClInclude>
    <ClInclude Include="Phylix_InformationDialog_Hinge.h">
      <Filter>Header Files</Filter>
    </ClInclude>
    <ClInclude Include="Phylix_InformationDialog_Spring.h">
      <Filter>Header Files</Filter>
    </ClInclude>
    <ClInclude Include="Phylix_Localization.h">
      <Filter>Header Files</Filter>
    </ClInclude>
    <ClInclude Include="Phylix_MainFrame.h">
      <Filter>Header Files</Filter>
    </ClInclude>
    <ClInclude Include="Phylix_MainView.h">
      <Filter>Header Files</Filter>
    </ClInclude>
    <ClInclude Include="Phylix_MaterialDialog.h">
      <Filter>Header Files</Filter>
    </ClInclude>
    <ClInclude Include="Phylix_System.h">
      <Filter>Header Files</Filter>
    </ClInclude>
    <ClInclude Include="Phylix_TextureUtil.h">
      <Filter>Header Files</Filter>
    </ClInclude>
    <ClInclude Include="stdafx.h">
      <Filter>Header Files</Filter>
    </ClInclude>
  </ItemGroup>
  <ItemGroup>
    <ClCompile Include="Phylix_Canvas.cpp">
      <Filter>Source Files</Filter>
    </ClCompile>
    <ClCompile Include="Phylix_FileStream.cpp">
      <Filter>Source Files</Filter>
    </ClCompile>
    <ClCompile Include="Phylix_Global.cpp">
      <Filter>Source Files</Filter>
    </ClCompile>
    <ClCompile Include="Phylix_InformationDialog_Entity.cpp">
      <Filter>Source Files</Filter>
    </ClCompile>
    <ClCompile Include="Phylix_InformationDialog_Hinge.cpp">
      <Filter>Source Files</Filter>
    </ClCompile>
    <ClCompile Include="Phylix_InformationDialog_Spring.cpp">
      <Filter>Source Files</Filter>
    </ClCompile>
    <ClCompile Include="Phylix_Localization.cpp">
      <Filter>Source Files</Filter>
    </ClCompile>
    <ClCompile Include="Phylix_Main.cpp">
      <Filter>Source Files</Filter>
    </ClCompile>
    <ClCompile Include="Phylix_MainFrame.cpp">
      <Filter>Source Files</Filter>
    </ClCompile>
    <ClCompile Include="Phylix_MainView.cpp">
      <Filter>Source Files</Filter>
    </ClCompile>
    <ClCompile Include="Phylix_MaterialDialog.cpp">
      <Filter>Source Files</Filter>
    </ClCompile>
    <ClCompile Include="Phylix_System.cpp">
      <Filter>Source Files</Filter>
    </ClCompile>
    <ClCompile Include="Phylix_TextureUtil.cpp">
      <Filter>Source Files</Filter>
    </ClCompile>
    <ClCompile Include="stdafx.cpp">
      <Filter>Source Files</Filter>
    </ClCompile>
  </ItemGroup>
  <ItemGroup>
    <ResourceCompile Include="Phylix_Win.rc">
      <Filter>Resource Files</Filter>
    </ResourceCompile>
  </ItemGroup>
</Project>